
Microsoft Visual Studio Solution File, Format Version 12.00
# Visual Studio Version 17
VisualStudioVersion = 17.1.32421.90
MinimumVisualStudioVersion = 10.0.40219.1
Project("{FAE04EC0-301F-11D3-BF4B-00C04F79EFBC}") = "UnturnedGameMaster", "UnturnedGameMaster\UnturnedGameMaster.csproj", "{296EDA69-7401-4508-A94E-65786388FE30}"
EndProject
Global
	GlobalSection(SolutionConfigurationPlatforms) = preSolution
		Debug|Any CPU = Debug|Any CPU
		Release|Any CPU = Release|Any CPU
	EndGlobalSection
	GlobalSection(ProjectConfigurationPlatforms) = postSolution
		{296EDA69-7401-4508-A94E-65786388FE30}.Debug|Any CPU.ActiveCfg = Debug|Any CPU
		{296EDA69-7401-4508-A94E-65786388FE30}.Debug|Any CPU.Build.0 = Debug|Any CPU
		{296EDA69-7401-4508-A94E-65786388FE30}.Release|Any CPU.ActiveCfg = Release|Any CPU
		{296EDA69-7401-4508-A94E-65786388FE30}.Release|Any CPU.Build.0 = Release|Any CPU
	EndGlobalSection
	GlobalSection(SolutionProperties) = preSolution
		HideSolutionNode = FALSE
	EndGlobalSection
	GlobalSection(ExtensibilityGlobals) = postSolution
		SolutionGuid = {16967B2C-61A3-4223-BFD8-A8DFBD4E6629}
	EndGlobalSection
EndGlobal
